
Microsoft Visual Studio Solution File, Format Version 12.00
# Visual Studio Version 17
VisualStudioVersion = 17.5.33516.290
MinimumVisualStudioVersion = 10.0.40219.1
Project("{9A19103F-16F7-4668-BE54-9A1E7A4F7556}") = "Auth", "Auth.csproj", "{596300EF-3FE0-43A1-BFA2-EE74E83C1BB2}"
EndProject
Project("{9A19103F-16F7-4668-BE54-9A1E7A4F7556}") = "Auth.Data", "..\Auth.Data\Auth.Data.csproj", "{F96915B6-F7DD-4066-801B-CF84A79FF990}"
EndProject
Project("{9A19103F-16F7-4668-BE54-9A1E7A4F7556}") = "Auth.Business", "..\Auth.Business\Auth.Business.csproj", "{C4A099F5-CCAC-44B4-AAF3-97D278EA34EF}"
EndProject
Project("{FAE04EC0-301F-11D3-BF4B-00C04F79EFBC}") = "Auth.Business.Tests", "..\Auth.Business.Tests\Auth.Business.Tests.csproj", "{7B56340F-7C53-4795-A9AD-EC44C21EAA13}"
EndProject
Global
	GlobalSection(SolutionConfigurationPlatforms) = preSolution
		Debug|Any CPU = Debug|Any CPU
		Release|Any CPU = Release|Any CPU
	EndGlobalSection
	GlobalSection(ProjectConfigurationPlatforms) = postSolution
		{596300EF-3FE0-43A1-BFA2-EE74E83C1BB2}.Debug|Any CPU.ActiveCfg = Debug|Any CPU
		{596300EF-3FE0-43A1-BFA2-EE74E83C1BB2}.Debug|Any CPU.Build.0 = Debug|Any CPU
		{596300EF-3FE0-43A1-BFA2-EE74E83C1BB2}.Release|Any CPU.ActiveCfg = Release|Any CPU
		{596300EF-3FE0-43A1-BFA2-EE74E83C1BB2}.Release|Any CPU.Build.0 = Release|Any CPU
		{F96915B6-F7DD-4066-801B-CF84A79FF990}.Debug|Any CPU.ActiveCfg = Debug|Any CPU
		{F96915B6-F7DD-4066-801B-CF84A79FF990}.Debug|Any CPU.Build.0 = Debug|Any CPU
		{F96915B6-F7DD-4066-801B-CF84A79FF990}.Release|Any CPU.ActiveCfg = Release|Any CPU
		{F96915B6-F7DD-4066-801B-CF84A79FF990}.Release|Any CPU.Build.0 = Release|Any CPU
		{C4A099F5-CCAC-44B4-AAF3-97D278EA34EF}.Debug|Any CPU.ActiveCfg = Debug|Any CPU
		{C4A099F5-CCAC-44B4-AAF3-97D278EA34EF}.Debug|Any CPU.Build.0 = Debug|Any CPU
		{C4A099F5-CCAC-44B4-AAF3-97D278EA34EF}.Release|Any CPU.ActiveCfg = Release|Any CPU
		{C4A099F5-CCAC-44B4-AAF3-97D278EA34EF}.Release|Any CPU.Build.0 = Release|Any CPU
		{7B56340F-7C53-4795-A9AD-EC44C21EAA13}.Debug|Any CPU.ActiveCfg = Debug|Any CPU
		{7B56340F-7C53-4795-A9AD-EC44C21EAA13}.Debug|Any CPU.Build.0 = Debug|Any CPU
		{7B56340F-7C53-4795-A9AD-EC44C21EAA13}.Release|Any CPU.ActiveCfg = Release|Any CPU
		{7B56340F-7C53-4795-A9AD-EC44C21EAA13}.Release|Any CPU.Build.0 = Release|Any CPU
	EndGlobalSection
	GlobalSection(SolutionProperties) = preSolution
		HideSolutionNode = FALSE
	EndGlobalSection
	GlobalSection(ExtensibilityGlobals) = postSolution
		SolutionGuid = {D41AC9CA-8D1D-4409-8DC1-15800CBD638B}
	EndGlobalSection
EndGlobal
